// !$*UTF8*$!
{
	archiveVersion = 1;
	classes = {
	};
	objectVersion = 46;
	objects = {

/* Begin PBXBuildFile section */
		3C0D5C9025BC46EB006AE016 /* Target_commons.m in Sources */ = {isa = PBXBuildFile; fileRef = 3C0D5C8625BC46EB006AE016 /* Target_commons.m */; };
		3C0D5C9125BC46EB006AE016 /* QJRouter+gm.m in Sources */ = {isa = PBXBuildFile; fileRef = 3C0D5C8925BC46EB006AE016 /* QJRouter+gm.m */; };
		3C0D5C9225BC46EB006AE016 /* UIViewController+Router.m in Sources */ = {isa = PBXBuildFile; fileRef = 3C0D5C8A25BC46EB006AE016 /* UIViewController+Router.m */; };
		3C0D5C9325BC46EB006AE016 /* NSObject+gmKey.m in Sources */ = {isa = PBXBuildFile; fileRef = 3C0D5C8C25BC46EB006AE016 /* NSObject+gmKey.m */; };
		3C0D5C9425BC46EB006AE016 /* QJRouter.m in Sources */ = {isa = PBXBuildFile; fileRef = 3C0D5C8F25BC46EB006AE016 /* QJRouter.m */; };
		3CF74F2E25BBFC1700C6C848 /* Imei.m in Sources */ = {isa = PBXBuildFile; fileRef = 3CF74F2D25BBFC1700C6C848 /* Imei.m */; };
		3CF74F3325BBFD3400C6C848 /* OpsTime.m in Sources */ = {isa = PBXBuildFile; fileRef = 3CF74F3225BBFD3400C6C848 /* OpsTime.m */; };
		3CF74F3B25BBFF0900C6C848 /* UserInfo.m in Sources */ = {isa = PBXBuildFile; fileRef = 3CF74F3A25BBFF0900C6C848 /* UserInfo.m */; };
		3CF74F4125BC011E00C6C848 /* NiceMgr.m in Sources */ = {isa = PBXBuildFile; fileRef = 3CF74F3F25BC011E00C6C848 /* NiceMgr.m */; };
		3CF74F4A25BC032500C6C848 /* ExpressVC.m in Sources */ = {isa = PBXBuildFile; fileRef = 3CF74F4925BC032500C6C848 /* ExpressVC.m */; };
		3CF74F5025BC040300C6C848 /* ItemListVC.m in Sources */ = {isa = PBXBuildFile; fileRef = 3CF74F4F25BC040300C6C848 /* ItemListVC.m */; };
		6003F58E195388D20070C39A /* Foundation.framework in Frameworks */ = {isa = PBXBuildFile; fileRef = 6003F58D195388D20070C39A /* Foundation.framework */; };
		6003F590195388D20070C39A /* CoreGraphics.framework in Frameworks */ = {isa = PBXBuildFile; fileRef = 6003F58F195388D20070C39A /* CoreGraphics.framework */; };
		6003F592195388D20070C39A /* UIKit.framework in Frameworks */ = {isa = PBXBuildFile; fileRef = 6003F591195388D20070C39A /* UIKit.framework */; };
		6003F598195388D20070C39A /* InfoPlist.strings in Resources */ = {isa = PBXBuildFile; fileRef = 6003F596195388D20070C39A /* InfoPlist.strings */; };
		6003F59A195388D20070C39A /* main.m in Sources */ = {isa = PBXBuildFile; fileRef = 6003F599195388D20070C39A /* main.m */; };
		6003F59E195388D20070C39A /* QJAppDelegate.m in Sources */ = {isa = PBXBuildFile; fileRef = 6003F59D195388D20070C39A /* QJAppDelegate.m */; };
		6003F5A7195388D20070C39A /* QJViewController.m in Sources */ = {isa = PBXBuildFile; fileRef = 6003F5A6195388D20070C39A /* QJViewController.m */; };
		6003F5A9195388D20070C39A /* Images.xcassets in Resources */ = {isa = PBXBuildFile; fileRef = 6003F5A8195388D20070C39A /* Images.xcassets */; };
		6003F5B0195388D20070C39A /* XCTest.framework in Frameworks */ = {isa = PBXBuildFile; fileRef = 6003F5AF195388D20070C39A /* XCTest.framework */; };
		6003F5B1195388D20070C39A /* Foundation.framework in Frameworks */ = {isa = PBXBuildFile; fileRef = 6003F58D195388D20070C39A /* Foundation.framework */; };
		6003F5B2195388D20070C39A /* UIKit.framework in Frameworks */ = {isa = PBXBuildFile; fileRef = 6003F591195388D20070C39A /* UIKit.framework */; };
		6003F5BA195388D20070C39A /* InfoPlist.strings in Resources */ = {isa = PBXBuildFile; fileRef = 6003F5B8195388D20070C39A /* InfoPlist.strings */; };
		6003F5BC195388D20070C39A /* Tests.m in Sources */ = {isa = PBXBuildFile; fileRef = 6003F5BB195388D20070C39A /* Tests.m */; };
		71719F9F1E33DC2100824A3D /* LaunchScreen.storyboard in Resources */ = {isa = PBXBuildFile; fileRef = 71719F9D1E33DC2100824A3D /* LaunchScreen.storyboard */; };
		873B8AEB1B1F5CCA007FD442 /* Main.storyboard in Resources */ = {isa = PBXBuildFile; fileRef = 873B8AEA1B1F5CCA007FD442 /* Main.storyboard */; };
		891E186E25C0F90800066744 /* JmeVC.m in Sources */ = {isa = PBXBuildFile; fileRef = 891E186D25C0F90800066744 /* JmeVC.m */; };
		891E187225C0FC7800066744 /* JavaScriptCore.framework in Frameworks */ = {isa = PBXBuildFile; fileRef = 891E187125C0FC7800066744 /* JavaScriptCore.framework */; };
		891E187925C0FDC500066744 /* t1.js in Resources */ = {isa = PBXBuildFile; fileRef = 891E187825C0FDC500066744 /* t1.js */; };
		891E187D25C101D600066744 /* jmespath.js in Resources */ = {isa = PBXBuildFile; fileRef = 891E187C25C101D600066744 /* jmespath.js */; };
		891E188125C1049E00066744 /* rawdata.json in Resources */ = {isa = PBXBuildFile; fileRef = 891E188025C1049E00066744 /* rawdata.json */; };
		891E188525C104DD00066744 /* rule.txt in Resources */ = {isa = PBXBuildFile; fileRef = 891E188425C104DD00066744 /* rule.txt */; };
/* End PBXBuildFile section */

/* Begin PBXContainerItemProxy section */
		6003F5B3195388D20070C39A /* PBXContainerItemProxy */ = {
			isa = PBXContainerItemProxy;
			containerPortal = 6003F582195388D10070C39A /* Project object */;
			proxyType = 1;
			remoteGlobalIDString = 6003F589195388D20070C39A;
			remoteInfo = QJRouter;
		};
/* End PBXContainerItemProxy section */

/* Begin PBXFileReference section */
		13BB7CC8C88B2EC68C0953B9 /* README.md */ = {isa = PBXFileReference; includeInIndex = 1; lastKnownFileType = net.daringfireball.markdown; name = README.md; path = ../README.md; sourceTree = "<group>"; };
		21DD2408E3B33656984AB6E0 /* Pods-QJRouter_Example.release.xcconfig */ = {isa = PBXFileReference; includeInIndex = 1; lastKnownFileType = text.xcconfig; name = "Pods-QJRouter_Example.release.xcconfig"; path = "Target Support Files/Pods-QJRouter_Example/Pods-QJRouter_Example.release.xcconfig"; sourceTree = "<group>"; };
		3C0D5C8625BC46EB006AE016 /* Target_commons.m */ = {isa = PBXFileReference; fileEncoding = 4; lastKnownFileType = sourcecode.c.objc; path = Target_commons.m; sourceTree = "<group>"; };
		3C0D5C8725BC46EB006AE016 /* UIViewController+Router.h */ = {isa = PBXFileReference; fileEncoding = 4; lastKnownFileType = sourcecode.c.h; path = "UIViewController+Router.h"; sourceTree = "<group>"; };
		3C0D5C8825BC46EB006AE016 /* Target_commons.h */ = {isa = PBXFileReference; fileEncoding = 4; lastKnownFileType = sourcecode.c.h; path = Target_commons.h; sourceTree = "<group>"; };
		3C0D5C8925BC46EB006AE016 /* QJRouter+gm.m */ = {isa = PBXFileReference; fileEncoding = 4; lastKnownFileType = sourcecode.c.objc; path = "QJRouter+gm.m"; sourceTree = "<group>"; };
		3C0D5C8A25BC46EB006AE016 /* UIViewController+Router.m */ = {isa = PBXFileReference; fileEncoding = 4; lastKnownFileType = sourcecode.c.objc; path = "UIViewController+Router.m"; sourceTree = "<group>"; };
		3C0D5C8B25BC46EB006AE016 /* QJRouter.h */ = {isa = PBXFileReference; fileEncoding = 4; lastKnownFileType = sourcecode.c.h; path = QJRouter.h; sourceTree = "<group>"; };
		3C0D5C8C25BC46EB006AE016 /* NSObject+gmKey.m */ = {isa = PBXFileReference; fileEncoding = 4; lastKnownFileType = sourcecode.c.objc; path = "NSObject+gmKey.m"; sourceTree = "<group>"; };
		3C0D5C8D25BC46EB006AE016 /* NSObject+gmKey.h */ = {isa = PBXFileReference; fileEncoding = 4; lastKnownFileType = sourcecode.c.h; path = "NSObject+gmKey.h"; sourceTree = "<group>"; };
		3C0D5C8E25BC46EB006AE016 /* QJRouter+gm.h */ = {isa = PBXFileReference; fileEncoding = 4; lastKnownFileType = sourcecode.c.h; path = "QJRouter+gm.h"; sourceTree = "<group>"; };
		3C0D5C8F25BC46EB006AE016 /* QJRouter.m */ = {isa = PBXFileReference; fileEncoding = 4; lastKnownFileType = sourcecode.c.objc; path = QJRouter.m; sourceTree = "<group>"; };
		3C0D5C9525BC66CC006AE016 /* QJCommon.h */ = {isa = PBXFileReference; lastKnownFileType = sourcecode.c.h; path = QJCommon.h; sourceTree = "<group>"; };
		3CF74F2C25BBFC1700C6C848 /* Imei.h */ = {isa = PBXFileReference; lastKnownFileType = sourcecode.c.h; path = Imei.h; sourceTree = "<group>"; };
		3CF74F2D25BBFC1700C6C848 /* Imei.m */ = {isa = PBXFileReference; lastKnownFileType = sourcecode.c.objc; path = Imei.m; sourceTree = "<group>"; };
		3CF74F3025BBFC5300C6C848 /* types.h */ = {isa = PBXFileReference; lastKnownFileType = sourcecode.c.h; path = types.h; sourceTree = "<group>"; };
		3CF74F3125BBFD3400C6C848 /* OpsTime.h */ = {isa = PBXFileReference; lastKnownFileType = sourcecode.c.h; path = OpsTime.h; sourceTree = "<group>"; };
		3CF74F3225BBFD3400C6C848 /* OpsTime.m */ = {isa = PBXFileReference; lastKnownFileType = sourcecode.c.objc; path = OpsTime.m; sourceTree = "<group>"; };
		3CF74F3925BBFF0900C6C848 /* UserInfo.h */ = {isa = PBXFileReference; lastKnownFileType = sourcecode.c.h; path = UserInfo.h; sourceTree = "<group>"; };
		3CF74F3A25BBFF0900C6C848 /* UserInfo.m */ = {isa = PBXFileReference; lastKnownFileType = sourcecode.c.objc; path = UserInfo.m; sourceTree = "<group>"; };
		3CF74F3F25BC011E00C6C848 /* NiceMgr.m */ = {isa = PBXFileReference; fileEncoding = 4; lastKnownFileType = sourcecode.c.objc; path = NiceMgr.m; sourceTree = "<group>"; };
		3CF74F4025BC011E00C6C848 /* NiceMgr.h */ = {isa = PBXFileReference; fileEncoding = 4; lastKnownFileType = sourcecode.c.h; path = NiceMgr.h; sourceTree = "<group>"; };
		3CF74F4825BC032500C6C848 /* ExpressVC.h */ = {isa = PBXFileReference; lastKnownFileType = sourcecode.c.h; path = ExpressVC.h; sourceTree = "<group>"; };
		3CF74F4925BC032500C6C848 /* ExpressVC.m */ = {isa = PBXFileReference; lastKnownFileType = sourcecode.c.objc; path = ExpressVC.m; sourceTree = "<group>"; };
		3CF74F4E25BC040300C6C848 /* ItemListVC.h */ = {isa = PBXFileReference; lastKnownFileType = sourcecode.c.h; path = ItemListVC.h; sourceTree = "<group>"; };
		3CF74F4F25BC040300C6C848 /* ItemListVC.m */ = {isa = PBXFileReference; lastKnownFileType = sourcecode.c.objc; path = ItemListVC.m; sourceTree = "<group>"; };
		4F2E21A930D6852EFF2F573B /* LICENSE */ = {isa = PBXFileReference; includeInIndex = 1; lastKnownFileType = text; name = LICENSE; path = ../LICENSE; sourceTree = "<group>"; };
		6003F58A195388D20070C39A /* QJRouter_Example.app */ = {isa = PBXFileReference; explicitFileType = wrapper.application; includeInIndex = 0; path = QJRouter_Example.app; sourceTree = BUILT_PRODUCTS_DIR; };
		6003F58D195388D20070C39A /* Foundation.framework */ = {isa = PBXFileReference; lastKnownFileType = wrapper.framework; name = Foundation.framework; path = System/Library/Frameworks/Foundation.framework; sourceTree = SDKROOT; };
		6003F58F195388D20070C39A /* CoreGraphics.framework */ = {isa = PBXFileReference; lastKnownFileType = wrapper.framework; name = CoreGraphics.framework; path = System/Library/Frameworks/CoreGraphics.framework; sourceTree = SDKROOT; };
		6003F591195388D20070C39A /* UIKit.framework */ = {isa = PBXFileReference; lastKnownFileType = wrapper.framework; name = UIKit.framework; path = System/Library/Frameworks/UIKit.framework; sourceTree = SDKROOT; };
		6003F595195388D20070C39A /* QJRouter-Info.plist */ = {isa = PBXFileReference; lastKnownFileType = text.plist.xml; path = "QJRouter-Info.plist"; sourceTree = "<group>"; };
		6003F597195388D20070C39A /* en */ = {isa = PBXFileReference; lastKnownFileType = text.plist.strings; name = en; path = en.lproj/InfoPlist.strings; sourceTree = "<group>"; };
		6003F599195388D20070C39A /* main.m */ = {isa = PBXFileReference; lastKnownFileType = sourcecode.c.objc; path = main.m; sourceTree = "<group>"; };
		6003F59B195388D20070C39A /* QJRouter-Prefix.pch */ = {isa = PBXFileReference; lastKnownFileType = sourcecode.c.h; path = "QJRouter-Prefix.pch"; sourceTree = "<group>"; };
		6003F59C195388D20070C39A /* QJAppDelegate.h */ = {isa = PBXFileReference; lastKnownFileType = sourcecode.c.h; path = QJAppDelegate.h; sourceTree = "<group>"; };
		6003F59D195388D20070C39A /* QJAppDelegate.m */ = {isa = PBXFileReference; lastKnownFileType = sourcecode.c.objc; path = QJAppDelegate.m; sourceTree = "<group>"; };
		6003F5A5195388D20070C39A /* QJViewController.h */ = {isa = PBXFileReference; lastKnownFileType = sourcecode.c.h; path = QJViewController.h; sourceTree = "<group>"; };
		6003F5A6195388D20070C39A /* QJViewController.m */ = {isa = PBXFileReference; lastKnownFileType = sourcecode.c.objc; path = QJViewController.m; sourceTree = "<group>"; };
		6003F5A8195388D20070C39A /* Images.xcassets */ = {isa = PBXFileReference; lastKnownFileType = folder.assetcatalog; path = Images.xcassets; sourceTree = "<group>"; };
		6003F5AE195388D20070C39A /* QJRouter_Tests.xctest */ = {isa = PBXFileReference; explicitFileType = wrapper.cfbundle; includeInIndex = 0; path = QJRouter_Tests.xctest; sourceTree = BUILT_PRODUCTS_DIR; };
		6003F5AF195388D20070C39A /* XCTest.framework */ = {isa = PBXFileReference; lastKnownFileType = wrapper.framework; name = XCTest.framework; path = Library/Frameworks/XCTest.framework; sourceTree = DEVELOPER_DIR; };
		6003F5B7195388D20070C39A /* Tests-Info.plist */ = {isa = PBXFileReference; lastKnownFileType = text.plist.xml; path = "Tests-Info.plist"; sourceTree = "<group>"; };
		6003F5B9195388D20070C39A /* en */ = {isa = PBXFileReference; lastKnownFileType = text.plist.strings; name = en; path = en.lproj/InfoPlist.strings; sourceTree = "<group>"; };
		6003F5BB195388D20070C39A /* Tests.m */ = {isa = PBXFileReference; lastKnownFileType = sourcecode.c.objc; path = Tests.m; sourceTree = "<group>"; };
		606FC2411953D9B200FFA9A0 /* Tests-Prefix.pch */ = {isa = PBXFileReference; lastKnownFileType = sourcecode.c.h; path = "Tests-Prefix.pch"; sourceTree = "<group>"; };
		60D2DF5C26440544D87E4167 /* Pods-QJRouter_Tests.debug.xcconfig */ = {isa = PBXFileReference; includeInIndex = 1; lastKnownFileType = text.xcconfig; name = "Pods-QJRouter_Tests.debug.xcconfig"; path = "Target Support Files/Pods-QJRouter_Tests/Pods-QJRouter_Tests.debug.xcconfig"; sourceTree = "<group>"; };
		71719F9E1E33DC2100824A3D /* Base */ = {isa = PBXFileReference; lastKnownFileType = file.storyboard; name = Base; path = Base.lproj/LaunchScreen.storyboard; sourceTree = "<group>"; };
		7D5BD50C56C5CA0DCC95FC23 /* Pods-QJRouter_Example.debug.xcconfig */ = {isa = PBXFileReference; includeInIndex = 1; lastKnownFileType = text.xcconfig; name = "Pods-QJRouter_Example.debug.xcconfig"; path = "Target Support Files/Pods-QJRouter_Example/Pods-QJRouter_Example.debug.xcconfig"; sourceTree = "<group>"; };
		873B8AEA1B1F5CCA007FD442 /* Main.storyboard */ = {isa = PBXFileReference; fileEncoding = 4; lastKnownFileType = file.storyboard; name = Main.storyboard; path = Base.lproj/Main.storyboard; sourceTree = "<group>"; };
		891E186C25C0F90800066744 /* JmeVC.h */ = {isa = PBXFileReference; lastKnownFileType = sourcecode.c.h; path = JmeVC.h; sourceTree = "<group>"; };
		891E186D25C0F90800066744 /* JmeVC.m */ = {isa = PBXFileReference; lastKnownFileType = sourcecode.c.objc; path = JmeVC.m; sourceTree = "<group>"; };
		891E187125C0FC7800066744 /* JavaScriptCore.framework */ = {isa = PBXFileReference; lastKnownFileType = wrapper.framework; name = JavaScriptCore.framework; path = System/Library/PrivateFrameworks/JavaScriptCore.framework; sourceTree = SDKROOT; };
		891E187825C0FDC500066744 /* t1.js */ = {isa = PBXFileReference; lastKnownFileType = sourcecode.javascript; path = t1.js; sourceTree = "<group>"; };
		891E187C25C101D600066744 /* jmespath.js */ = {isa = PBXFileReference; fileEncoding = 4; lastKnownFileType = sourcecode.javascript; path = jmespath.js; sourceTree = "<group>"; };
		891E188025C1049E00066744 /* rawdata.json */ = {isa = PBXFileReference; lastKnownFileType = text.json; path = rawdata.json; sourceTree = "<group>"; };
		891E188425C104DD00066744 /* rule.txt */ = {isa = PBXFileReference; lastKnownFileType = text; path = rule.txt; sourceTree = "<group>"; };
		E75EC456C84254D6DBE4B4D4 /* Pods-QJRouter_Tests.release.xcconfig */ = {isa = PBXFileReference; includeInIndex = 1; lastKnownFileType = text.xcconfig; name = "Pods-QJRouter_Tests.release.xcconfig"; path = "Target Support Files/Pods-QJRouter_Tests/Pods-QJRouter_Tests.release.xcconfig"; sourceTree = "<group>"; };
		EF7F9E003D57E891FC37AF30 /* QJRouter.podspec */ = {isa = PBXFileReference; includeInIndex = 1; lastKnownFileType = text; name = QJRouter.podspec; path = ../QJRouter.podspec; sourceTree = "<group>"; xcLanguageSpecificationIdentifier = xcode.lang.ruby; };
/* End PBXFileReference section */

/* Begin PBXFrameworksBuildPhase section */
		6003F587195388D20070C39A /* Frameworks */ = {
			isa = PBXFrameworksBuildPhase;
			buildActionMask = 2147483647;
			files = (
				891E187225C0FC7800066744 /* JavaScriptCore.framework in Frameworks */,
				6003F590195388D20070C39A /* CoreGraphics.framework in Frameworks */,
				6003F592195388D20070C39A /* UIKit.framework in Frameworks */,
				6003F58E195388D20070C39A /* Foundation.framework in Frameworks */,
			);
			runOnlyForDeploymentPostprocessing = 0;
		};
		6003F5AB195388D20070C39A /* Frameworks */ = {
			isa = PBXFrameworksBuildPhase;
			buildActionMask = 2147483647;
			files = (
				6003F5B0195388D20070C39A /* XCTest.framework in Frameworks */,
				6003F5B2195388D20070C39A /* UIKit.framework in Frameworks */,
				6003F5B1195388D20070C39A /* Foundation.framework in Frameworks */,
			);
			runOnlyForDeploymentPostprocessing = 0;
		};
/* End PBXFrameworksBuildPhase section */

/* Begin PBXGroup section */
		3C0D5C7F25BC4358006AE016 /* Gateway */ = {
			isa = PBXGroup;
			children = (
				3C0D5C8D25BC46EB006AE016 /* NSObject+gmKey.h */,
				3C0D5C8C25BC46EB006AE016 /* NSObject+gmKey.m */,
				3C0D5C8B25BC46EB006AE016 /* QJRouter.h */,
				3C0D5C8F25BC46EB006AE016 /* QJRouter.m */,
				3C0D5C8E25BC46EB006AE016 /* QJRouter+gm.h */,
				3C0D5C8925BC46EB006AE016 /* QJRouter+gm.m */,
				3C0D5C8825BC46EB006AE016 /* Target_commons.h */,
				3C0D5C8625BC46EB006AE016 /* Target_commons.m */,
				3C0D5C8725BC46EB006AE016 /* UIViewController+Router.h */,
				3C0D5C8A25BC46EB006AE016 /* UIViewController+Router.m */,
				3C0D5C9525BC66CC006AE016 /* QJCommon.h */,
			);
			path = Gateway;
			sourceTree = "<group>";
		};
		3CF74F2F25BBFC2500C6C848 /* types */ = {
			isa = PBXGroup;
			children = (
				3CF74F3025BBFC5300C6C848 /* types.h */,
			);
			name = types;
			sourceTree = "<group>";
		};
		3CF74F3725BBFD8600C6C848 /* Atom */ = {
			isa = PBXGroup;
			children = (
				3CF74F2C25BBFC1700C6C848 /* Imei.h */,
				3CF74F2D25BBFC1700C6C848 /* Imei.m */,
				3CF74F3125BBFD3400C6C848 /* OpsTime.h */,
				3CF74F3225BBFD3400C6C848 /* OpsTime.m */,
			);
			path = Atom;
			sourceTree = "<group>";
		};
		3CF74F3825BBFE3B00C6C848 /* Basic */ = {
			isa = PBXGroup;
			children = (
				3CF74F3925BBFF0900C6C848 /* UserInfo.h */,
				3CF74F3A25BBFF0900C6C848 /* UserInfo.m */,
			);
			path = Basic;
			sourceTree = "<group>";
		};
		3CF74F3E25BC003F00C6C848 /* Components */ = {
			isa = PBXGroup;
			children = (
				3CF74F4025BC011E00C6C848 /* NiceMgr.h */,
				3CF74F3F25BC011E00C6C848 /* NiceMgr.m */,
			);
			path = Components;
			sourceTree = "<group>";
		};
		3CF74F4225BC026900C6C848 /* Scene */ = {
			isa = PBXGroup;
			children = (
				3CF74F4825BC032500C6C848 /* ExpressVC.h */,
				3CF74F4925BC032500C6C848 /* ExpressVC.m */,
				3CF74F4E25BC040300C6C848 /* ItemListVC.h */,
				3CF74F4F25BC040300C6C848 /* ItemListVC.m */,
				891E186C25C0F90800066744 /* JmeVC.h */,
				891E186D25C0F90800066744 /* JmeVC.m */,
			);
			path = Scene;
			sourceTree = "<group>";
		};
		6003F581195388D10070C39A = {
			isa = PBXGroup;
			children = (
				60FF7A9C1954A5C5007DD14C /* Podspec Metadata */,
				6003F593195388D20070C39A /* Example for QJRouter */,
				6003F5B5195388D20070C39A /* Tests */,
				6003F58C195388D20070C39A /* Frameworks */,
				6003F58B195388D20070C39A /* Products */,
				BB83949FED3DBF27D8A67181 /* Pods */,
			);
			sourceTree = "<group>";
		};
		6003F58B195388D20070C39A /* Products */ = {
			isa = PBXGroup;
			children = (
				6003F58A195388D20070C39A /* QJRouter_Example.app */,
				6003F5AE195388D20070C39A /* QJRouter_Tests.xctest */,
			);
			name = Products;
			sourceTree = "<group>";
		};
		6003F58C195388D20070C39A /* Frameworks */ = {
			isa = PBXGroup;
			children = (
				891E187125C0FC7800066744 /* JavaScriptCore.framework */,
				6003F58D195388D20070C39A /* Foundation.framework */,
				6003F58F195388D20070C39A /* CoreGraphics.framework */,
				6003F591195388D20070C39A /* UIKit.framework */,
				6003F5AF195388D20070C39A /* XCTest.framework */,
			);
			name = Frameworks;
			sourceTree = "<group>";
		};
		6003F593195388D20070C39A /* Example for QJRouter */ = {
			isa = PBXGroup;
			children = (
				891E187525C0FCE300066744 /* Js */,
				3C0D5C7F25BC4358006AE016 /* Gateway */,
				3CF74F4225BC026900C6C848 /* Scene */,
				3CF74F3E25BC003F00C6C848 /* Components */,
				3CF74F3825BBFE3B00C6C848 /* Basic */,
				3CF74F3725BBFD8600C6C848 /* Atom */,
				3CF74F2F25BBFC2500C6C848 /* types */,
				6003F59C195388D20070C39A /* QJAppDelegate.h */,
				6003F59D195388D20070C39A /* QJAppDelegate.m */,
				873B8AEA1B1F5CCA007FD442 /* Main.storyboard */,
				6003F5A5195388D20070C39A /* QJViewController.h */,
				6003F5A6195388D20070C39A /* QJViewController.m */,
				71719F9D1E33DC2100824A3D /* LaunchScreen.storyboard */,
				6003F5A8195388D20070C39A /* Images.xcassets */,
				6003F594195388D20070C39A /* Supporting Files */,
			);
			name = "Example for QJRouter";
			path = QJRouter;
			sourceTree = "<group>";
		};
		6003F594195388D20070C39A /* Supporting Files */ = {
			isa = PBXGroup;
			children = (
				6003F595195388D20070C39A /* QJRouter-Info.plist */,
				6003F596195388D20070C39A /* InfoPlist.strings */,
				6003F599195388D20070C39A /* main.m */,
				6003F59B195388D20070C39A /* QJRouter-Prefix.pch */,
			);
			name = "Supporting Files";
			sourceTree = "<group>";
		};
		6003F5B5195388D20070C39A /* Tests */ = {
			isa = PBXGroup;
			children = (
				6003F5BB195388D20070C39A /* Tests.m */,
				6003F5B6195388D20070C39A /* Supporting Files */,
			);
			path = Tests;
			sourceTree = "<group>";
		};
		6003F5B6195388D20070C39A /* Supporting Files */ = {
			isa = PBXGroup;
			children = (
				6003F5B7195388D20070C39A /* Tests-Info.plist */,
				6003F5B8195388D20070C39A /* InfoPlist.strings */,
				606FC2411953D9B200FFA9A0 /* Tests-Prefix.pch */,
			);
			name = "Supporting Files";
			sourceTree = "<group>";
		};
		60FF7A9C1954A5C5007DD14C /* Podspec Metadata */ = {
			isa = PBXGroup;
			children = (
				EF7F9E003D57E891FC37AF30 /* QJRouter.podspec */,
				13BB7CC8C88B2EC68C0953B9 /* README.md */,
				4F2E21A930D6852EFF2F573B /* LICENSE */,
			);
			name = "Podspec Metadata";
			sourceTree = "<group>";
		};
		891E187525C0FCE300066744 /* Js */ = {
			isa = PBXGroup;
			children = (
				891E187C25C101D600066744 /* jmespath.js */,
				891E187825C0FDC500066744 /* t1.js */,
				891E188025C1049E00066744 /* rawdata.json */,
				891E188425C104DD00066744 /* rule.txt */,
			);
			name = Js;
			sourceTree = "<group>";
		};
		BB83949FED3DBF27D8A67181 /* Pods */ = {
			isa = PBXGroup;
			children = (
				7D5BD50C56C5CA0DCC95FC23 /* Pods-QJRouter_Example.debug.xcconfig */,
				21DD2408E3B33656984AB6E0 /* Pods-QJRouter_Example.release.xcconfig */,
				60D2DF5C26440544D87E4167 /* Pods-QJRouter_Tests.debug.xcconfig */,
				E75EC456C84254D6DBE4B4D4 /* Pods-QJRouter_Tests.release.xcconfig */,
			);
			path = Pods;
			sourceTree = "<group>";
		};
/* End PBXGroup section */

/* Begin PBXNativeTarget section */
		6003F589195388D20070C39A /* QJRouter_Example */ = {
			isa = PBXNativeTarget;
			buildConfigurationList = 6003F5BF195388D20070C39A /* Build configuration list for PBXNativeTarget "QJRouter_Example" */;
			buildPhases = (
				8D963539A31336E70E2ECBF2 /* [CP] Check Pods Manifest.lock */,
				6003F586195388D20070C39A /* Sources */,
				6003F587195388D20070C39A /* Frameworks */,
				6003F588195388D20070C39A /* Resources */,
				0F0190ACA36A9F79A5BC780D /* [CP] Embed Pods Frameworks */,
			);
			buildRules = (
			);
			dependencies = (
			);
			name = QJRouter_Example;
			productName = QJRouter;
			productReference = 6003F58A195388D20070C39A /* QJRouter_Example.app */;
			productType = "com.apple.product-type.application";
		};
		6003F5AD195388D20070C39A /* QJRouter_Tests */ = {
			isa = PBXNativeTarget;
			buildConfigurationList = 6003F5C2195388D20070C39A /* Build configuration list for PBXNativeTarget "QJRouter_Tests" */;
			buildPhases = (
				AA9087980980FD29983331EA /* [CP] Check Pods Manifest.lock */,
				6003F5AA195388D20070C39A /* Sources */,
				6003F5AB195388D20070C39A /* Frameworks */,
				6003F5AC195388D20070C39A /* Resources */,
			);
			buildRules = (
			);
			dependencies = (
				6003F5B4195388D20070C39A /* PBXTargetDependency */,
			);
			name = QJRouter_Tests;
			productName = QJRouterTests;
			productReference = 6003F5AE195388D20070C39A /* QJRouter_Tests.xctest */;
			productType = "com.apple.product-type.bundle.unit-test";
		};
/* End PBXNativeTarget section */

/* Begin PBXProject section */
		6003F582195388D10070C39A /* Project object */ = {
			isa = PBXProject;
			attributes = {
				CLASSPREFIX = QJ;
				LastUpgradeCheck = 0720;
				ORGANIZATIONNAME = jz;
				TargetAttributes = {
					6003F589195388D20070C39A = {
						ProvisioningStyle = Manual;
					};
					6003F5AD195388D20070C39A = {
						TestTargetID = 6003F589195388D20070C39A;
					};
				};
			};
			buildConfigurationList = 6003F585195388D10070C39A /* Build configuration list for PBXProject "QJRouter" */;
			compatibilityVersion = "Xcode 3.2";
			developmentRegion = English;
			hasScannedForEncodings = 0;
			knownRegions = (
				English,
				en,
				Base,
			);
			mainGroup = 6003F581195388D10070C39A;
			productRefGroup = 6003F58B195388D20070C39A /* Products */;
			projectDirPath = "";
			projectRoot = "";
			targets = (
				6003F589195388D20070C39A /* QJRouter_Example */,
				6003F5AD195388D20070C39A /* QJRouter_Tests */,
			);
		};
/* End PBXProject section */

/* Begin PBXResourcesBuildPhase section */
		6003F588195388D20070C39A /* Resources */ = {
			isa = PBXResourcesBuildPhase;
			buildActionMask = 2147483647;
			files = (
				873B8AEB1B1F5CCA007FD442 /* Main.storyboard in Resources */,
				71719F9F1E33DC2100824A3D /* LaunchScreen.storyboard in Resources */,
				891E188525C104DD00066744 /* rule.txt in Resources */,
				891E187D25C101D600066744 /* jmespath.js in Resources */,
				891E188125C1049E00066744 /* rawdata.json in Resources */,
				891E187925C0FDC500066744 /* t1.js in Resources */,
				6003F5A9195388D20070C39A /* Images.xcassets in Resources */,
				6003F598195388D20070C39A /* InfoPlist.strings in Resources */,
			);
			runOnlyForDeploymentPostprocessing = 0;
		};
		6003F5AC195388D20070C39A /* Resources */ = {
			isa = PBXResourcesBuildPhase;
			buildActionMask = 2147483647;
			files = (
				6003F5BA195388D20070C39A /* InfoPlist.strings in Resources */,
			);
			runOnlyForDeploymentPostprocessing = 0;
		};
/* End PBXResourcesBuildPhase section */

/* Begin PBXShellScriptBuildPhase section */
		0F0190ACA36A9F79A5BC780D /* [CP] Embed Pods Frameworks */ = {
			isa = PBXShellScriptBuildPhase;
			buildActionMask = 2147483647;
			files = (
			);
			inputPaths = (
				"${PODS_ROOT}/Target Support Files/Pods-QJRouter_Example/Pods-QJRouter_Example-frameworks.sh",
				"${BUILT_PRODUCTS_DIR}/MJExtension/MJExtension.framework",
				"${BUILT_PRODUCTS_DIR}/QJRouter/QJRouter.framework",
			);
			name = "[CP] Embed Pods Frameworks";
			outputPaths = (
				"${TARGET_BUILD_DIR}/${FRAMEWORKS_FOLDER_PATH}/MJExtension.framework",
				"${TARGET_BUILD_DIR}/${FRAMEWORKS_FOLDER_PATH}/QJRouter.framework",
			);
			runOnlyForDeploymentPostprocessing = 0;
			shellPath = /bin/sh;
			shellScript = "\"${PODS_ROOT}/Target Support Files/Pods-QJRouter_Example/Pods-QJRouter_Example-frameworks.sh\"\n";
			showEnvVarsInLog = 0;
		};
		8D963539A31336E70E2ECBF2 /* [CP] Check Pods Manifest.lock */ = {
			isa = PBXShellScriptBuildPhase;
			buildActionMask = 2147483647;
			files = (
			);
			inputFileListPaths = (
			);
			inputPaths = (
				"${PODS_PODFILE_DIR_PATH}/Podfile.lock",
				"${PODS_ROOT}/Manifest.lock",
			);
			name = "[CP] Check Pods Manifest.lock";
			outputFileListPaths = (
			);
			outputPaths = (
				"$(DERIVED_FILE_DIR)/Pods-QJRouter_Example-checkManifestLockResult.txt",
			);
			runOnlyForDeploymentPostprocessing = 0;
			shellPath = /bin/sh;
			shellScript = "diff \"${PODS_PODFILE_DIR_PATH}/Podfile.lock\" \"${PODS_ROOT}/Manifest.lock\" > /dev/null\nif [ $? != 0 ] ; then\n    # print error to STDERR\n    echo \"error: The sandbox is not in sync with the Podfile.lock. Run 'pod install' or update your CocoaPods installation.\" >&2\n    exit 1\nfi\n# This output is used by Xcode 'outputs' to avoid re-running this script phase.\necho \"SUCCESS\" > \"${SCRIPT_OUTPUT_FILE_0}\"\n";
			showEnvVarsInLog = 0;
		};
		AA9087980980FD29983331EA /* [CP] Check Pods Manifest.lock */ = {
			isa = PBXShellScriptBuildPhase;
			buildActionMask = 2147483647;
			files = (
			);
			inputFileListPaths = (
			);
			inputPaths = (
				"${PODS_PODFILE_DIR_PATH}/Podfile.lock",
				"${PODS_ROOT}/Manifest.lock",
			);
			name = "[CP] Check Pods Manifest.lock";
			outputFileListPaths = (
			);
			outputPaths = (
				"$(DERIVED_FILE_DIR)/Pods-QJRouter_Tests-checkManifestLockResult.txt",
			);
			runOnlyForDeploymentPostprocessing = 0;
			shellPath = /bin/sh;
			shellScript = "diff \"${PODS_PODFILE_DIR_PATH}/Podfile.lock\" \"${PODS_ROOT}/Manifest.lock\" > /dev/null\nif [ $? != 0 ] ; then\n    # print error to STDERR\n    echo \"error: The sandbox is not in sync with the Podfile.lock. Run 'pod install' or update your CocoaPods installation.\" >&2\n    exit 1\nfi\n# This output is used by Xcode 'outputs' to avoid re-running this script phase.\necho \"SUCCESS\" > \"${SCRIPT_OUTPUT_FILE_0}\"\n";
			showEnvVarsInLog = 0;
		};
/* End PBXShellScriptBuildPhase section */

/* Begin PBXSourcesBuildPhase section */
		6003F586195388D20070C39A /* Sources */ = {
			isa = PBXSourcesBuildPhase;
			buildActionMask = 2147483647;
			files = (
				3C0D5C9125BC46EB006AE016 /* QJRouter+gm.m in Sources */,
				3C0D5C9425BC46EB006AE016 /* QJRouter.m in Sources */,
				3CF74F3B25BBFF0900C6C848 /* UserInfo.m in Sources */,
				891E186E25C0F90800066744 /* JmeVC.m in Sources */,
				3C0D5C9025BC46EB006AE016 /* Target_commons.m in Sources */,
				3CF74F5025BC040300C6C848 /* ItemListVC.m in Sources */,
				3CF74F3325BBFD3400C6C848 /* OpsTime.m in Sources */,
				3C0D5C9225BC46EB006AE016 /* UIViewController+Router.m in Sources */,
				3C0D5C9325BC46EB006AE016 /* NSObject+gmKey.m in Sources */,
				6003F59E195388D20070C39A /* QJAppDelegate.m in Sources */,
				6003F5A7195388D20070C39A /* QJViewController.m in Sources */,
				6003F59A195388D20070C39A /* main.m in Sources */,
				3CF74F4125BC011E00C6C848 /* NiceMgr.m in Sources */,
				3CF74F2E25BBFC1700C6C848 /* Imei.m in Sources */,
				3CF74F4A25BC032500C6C848 /* ExpressVC.m in Sources */,
			);
			runOnlyForDeploymentPostprocessing = 0;
		};
		6003F5AA195388D20070C39A /* Sources */ = {
			isa = PBXSourcesBuildPhase;
			buildActionMask = 2147483647;
			files = (
				6003F5BC195388D20070C39A /* Tests.m in Sources */,
			);
			runOnlyForDeploymentPostprocessing = 0;
		};
/* End PBXSourcesBuildPhase section */

/* Begin PBXTargetDependency section */
		6003F5B4195388D20070C39A /* PBXTargetDependency */ = {
			isa = PBXTargetDependency;
			target = 6003F589195388D20070C39A /* QJRouter_Example */;
			targetProxy = 6003F5B3195388D20070C39A /* PBXContainerItemProxy */;
		};
/* End PBXTargetDependency section */

/* Begin PBXVariantGroup section */
		6003F596195388D20070C39A /* InfoPlist.strings */ = {
			isa = PBXVariantGroup;
			children = (
				6003F597195388D20070C39A /* en */,
			);
			name = InfoPlist.strings;
			sourceTree = "<group>";
		};
		6003F5B8195388D20070C39A /* InfoPlist.strings */ = {
			isa = PBXVariantGroup;
			children = (
				6003F5B9195388D20070C39A /* en */,
			);
			name = InfoPlist.strings;
			sourceTree = "<group>";
		};
		71719F9D1E33DC2100824A3D /* LaunchScreen.storyboard */ = {
			isa = PBXVariantGroup;
			children = (
				71719F9E1E33DC2100824A3D /* Base */,
			);
			name = LaunchScreen.storyboard;
			sourceTree = "<group>";
		};
/* End PBXVariantGroup section */

/* Begin XCBuildConfiguration section */
		6003F5BD195388D20070C39A /* Debug */ = {
			isa = XCBuildConfiguration;
			buildSettings = {
				ALWAYS_SEARCH_USER_PATHS = NO;
				CLANG_CXX_LANGUAGE_STANDARD = "gnu++0x";
				CLANG_CXX_LIBRARY = "libc++";
				CLANG_ENABLE_MODULES = YES;
				CLANG_ENABLE_OBJC_ARC = YES;
				CLANG_WARN_BOOL_CONVERSION = YES;
				CLANG_WARN_CONSTANT_CONVERSION = YES;
				CLANG_WARN_DIRECT_OBJC_ISA_USAGE = YES_ERROR;
				CLANG_WARN_EMPTY_BODY = YES;
				CLANG_WARN_ENUM_CONVERSION = YES;
				CLANG_WARN_INT_CONVERSION = YES;
				CLANG_WARN_OBJC_ROOT_CLASS = YES_ERROR;
				CLANG_WARN__DUPLICATE_METHOD_MATCH = YES;
				"CODE_SIGN_IDENTITY[sdk=iphoneos*]" = "iPhone Developer";
				COPY_PHASE_STRIP = NO;
				ENABLE_TESTABILITY = YES;
				GCC_C_LANGUAGE_STANDARD = gnu99;
				GCC_DYNAMIC_NO_PIC = NO;
				GCC_OPTIMIZATION_LEVEL = 0;
				GCC_PREPROCESSOR_DEFINITIONS = (
					"DEBUG=1",
					"$(inherited)",
				);
				GCC_SYMBOLS_PRIVATE_EXTERN = NO;
				GCC_WARN_64_TO_32_BIT_CONVERSION = YES;
				GCC_WARN_ABOUT_RETURN_TYPE = YES_ERROR;
				GCC_WARN_UNDECLARED_SELECTOR = YES;
				GCC_WARN_UNINITIALIZED_AUTOS = YES_AGGRESSIVE;
				GCC_WARN_UNUSED_FUNCTION = YES;
				GCC_WARN_UNUSED_VARIABLE = YES;
				IPHONEOS_DEPLOYMENT_TARGET = 12.2;
				ONLY_ACTIVE_ARCH = YES;
				SDKROOT = iphoneos;
				TARGETED_DEVICE_FAMILY = "1,2";
			};
			name = Debug;
		};
		6003F5BE195388D20070C39A /* Release */ = {
			isa = XCBuildConfiguration;
			buildSettings = {
				ALWAYS_SEARCH_USER_PATHS = NO;
				CLANG_CXX_LANGUAGE_STANDARD = "gnu++0x";
				CLANG_CXX_LIBRARY = "libc++";
				CLANG_ENABLE_MODULES = YES;
				CLANG_ENABLE_OBJC_ARC = YES;
				CLANG_WARN_BOOL_CONVERSION = YES;
				CLANG_WARN_CONSTANT_CONVERSION = YES;
				CLANG_WARN_DIRECT_OBJC_ISA_USAGE = YES_ERROR;
				CLANG_WARN_EMPTY_BODY = YES;
				CLANG_WARN_ENUM_CONVERSION = YES;
				CLANG_WARN_INT_CONVERSION = YES;
				CLANG_WARN_OBJC_ROOT_CLASS = YES_ERROR;
				CLANG_WARN__DUPLICATE_METHOD_MATCH = YES;
				"CODE_SIGN_IDENTITY[sdk=iphoneos*]" = "iPhone Developer";
				COPY_PHASE_STRIP = YES;
				ENABLE_NS_ASSERTIONS = NO;
				GCC_C_LANGUAGE_STANDARD = gnu99;
				GCC_WARN_64_TO_32_BIT_CONVERSION = YES;
				GCC_WARN_ABOUT_RETURN_TYPE = YES_ERROR;
				GCC_WARN_UNDECLARED_SELECTOR = YES;
				GCC_WARN_UNINITIALIZED_AUTOS = YES_AGGRESSIVE;
				GCC_WARN_UNUSED_FUNCTION = YES;
				GCC_WARN_UNUSED_VARIABLE = YES;
				IPHONEOS_DEPLOYMENT_TARGET = 12.2;
				SDKROOT = iphoneos;
				TARGETED_DEVICE_FAMILY = "1,2";
				VALIDATE_PRODUCT = YES;
			};
			name = Release;
		};
		6003F5C0195388D20070C39A /* Debug */ = {
			isa = XCBuildConfiguration;
			baseConfigurationReference = 7D5BD50C56C5CA0DCC95FC23 /* Pods-QJRouter_Example.debug.xcconfig */;
			buildSettings = {
				ASSETCATALOG_COMPILER_APPICON_NAME = AppIcon;
				CODE_SIGN_STYLE = Manual;
				DEVELOPMENT_TEAM = "";
				FRAMEWORK_SEARCH_PATHS = (
					"$(inherited)",
					"\"${PODS_CONFIGURATION_BUILD_DIR}/MJExtension\"",
				);
				GCC_PRECOMPILE_PREFIX_HEADER = YES;
				GCC_PREFIX_HEADER = "QJRouter/QJRouter-Prefix.pch";
				HEADER_SEARCH_PATHS = (
					"$(inherited)",
					"\"${PODS_CONFIGURATION_BUILD_DIR}/MJExtension/MJExtension.framework/Headers\"",
				);
				INFOPLIST_FILE = "QJRouter/QJRouter-Info.plist";
				MODULE_NAME = ExampleApp;
				PRODUCT_BUNDLE_IDENTIFIER = shjson.top.qjrouter;
				PRODUCT_NAME = "$(TARGET_NAME)";
				PROVISIONING_PROFILE_SPECIFIER = "";
				SWIFT_VERSION = 4.0;
				SYSTEM_FRAMEWORK_SEARCH_PATHS = "$(inherited) $(SDKROOT)$(SYSTEM_LIBRARY_DIR)/PrivateFrameworks";
				WRAPPER_EXTENSION = app;
			};
			name = Debug;
		};
		6003F5C1195388D20070C39A /* Release */ = {
			isa = XCBuildConfiguration;
			baseConfigurationReference = 21DD2408E3B33656984AB6E0 /* Pods-QJRouter_Example.release.xcconfig */;
			buildSettings = {
				ASSETCATALOG_COMPILER_APPICON_NAME = AppIcon;
				CODE_SIGN_STYLE = Manual;
				DEVELOPMENT_TEAM = "";
				GCC_PRECOMPILE_PREFIX_HEADER = YES;
				GCC_PREFIX_HEADER = "QJRouter/QJRouter-Prefix.pch";
				INFOPLIST_FILE = "QJRouter/QJRouter-Info.plist";
				MODULE_NAME = ExampleApp;
				PRODUCT_BUNDLE_IDENTIFIER = shjson.top.qjrouter;
				PRODUCT_NAME = "$(TARGET_NAME)";
				PROVISIONING_PROFILE_SPECIFIER = "";
				SWIFT_VERSION = 4.0;
				SYSTEM_FRAMEWORK_SEARCH_PATHS = "$(inherited) $(SDKROOT)$(SYSTEM_LIBRARY_DIR)/PrivateFrameworks";
				WRAPPER_EXTENSION = app;
			};
			name = Release;
		};
		6003F5C3195388D20070C39A /* Debug */ = {
			isa = XCBuildConfiguration;
			baseConfigurationReference = 60D2DF5C26440544D87E4167 /* Pods-QJRouter_Tests.debug.xcconfig */;
			buildSettings = {
				BUNDLE_LOADER = "$(TEST_HOST)";
				FRAMEWORK_SEARCH_PATHS = (
					"$(PLATFORM_DIR)/Developer/Library/Frameworks",
					"$(inherited)",
					"$(DEVELOPER_FRAMEWORKS_DIR)",
				);
				GCC_PRECOMPILE_PREFIX_HEADER = YES;
				GCC_PREFIX_HEADER = "Tests/Tests-Prefix.pch";
				GCC_PREPROCESSOR_DEFINITIONS = (
					"DEBUG=1",
					"$(inherited)",
				);
				INFOPLIST_FILE = "Tests/Tests-Info.plist";
				PRODUCT_BUNDLE_IDENTIFIER = "org.cocoapods.demo.${PRODUCT_NAME:rfc1034identifier}";
				PRODUCT_NAME = "$(TARGET_NAME)";
				SWIFT_VERSION = 4.0;
				TEST_HOST = "$(BUILT_PRODUCTS_DIR)/QJRouter_Example.app/QJRouter_Example";
				WRAPPER_EXTENSION = xctest;
			};
			name = Debug;
		};
		6003F5C4195388D20070C39A /* Release */ = {
			isa = XCBuildConfiguration;
			baseConfigurationReference = E75EC456C84254D6DBE4B4D4 /* Pods-QJRouter_Tests.release.xcconfig */;
			buildSettings = {
				BUNDLE_LOADER = "$(TEST_HOST)";
				FRAMEWORK_SEARCH_PATHS = (
					"$(PLATFORM_DIR)/Developer/Library/Frameworks",
					"$(inherited)",
					"$(DEVELOPER_FRAMEWORKS_DIR)",
				);
				GCC_PRECOMPILE_PREFIX_HEADER = YES;
				GCC_PREFIX_HEADER = "Tests/Tests-Prefix.pch";
				INFOPLIST_FILE = "Tests/Tests-Info.plist";
				PRODUCT_BUNDLE_IDENTIFIER = "org.cocoapods.demo.${PRODUCT_NAME:rfc1034identifier}";
				PRODUCT_NAME = "$(TARGET_NAME)";
				SWIFT_VERSION = 4.0;
				TEST_HOST = "$(BUILT_PRODUCTS_DIR)/QJRouter_Example.app/QJRouter_Example";
				WRAPPER_EXTENSION = xctest;
			};
			name = Release;
		};
/* End XCBuildConfiguration section */

/* Begin XCConfigurationList section */
		6003F585195388D10070C39A /* Build configuration list for PBXProject "QJRouter" */ = {
			isa = XCConfigurationList;
			buildConfigurations = (
				6003F5BD195388D20070C39A /* Debug */,
				6003F5BE195388D20070C39A /* Release */,
			);
			defaultConfigurationIsVisible = 0;
			defaultConfigurationName = Release;
		};
		6003F5BF195388D20070C39A /* Build configuration list for PBXNativeTarget "QJRouter_Example" */ = {
			isa = XCConfigurationList;
			buildConfigurations = (
				6003F5C0195388D20070C39A /* Debug */,
				6003F5C1195388D20070C39A /* Release */,
			);
			defaultConfigurationIsVisible = 0;
			defaultConfigurationName = Release;
		};
		6003F5C2195388D20070C39A /* Build configuration list for PBXNativeTarget "QJRouter_Tests" */ = {
			isa = XCConfigurationList;
			buildConfigurations = (
				6003F5C3195388D20070C39A /* Debug */,
				6003F5C4195388D20070C39A /* Release */,
			);
			defaultConfigurationIsVisible = 0;
			defaultConfigurationName = Release;
		};
/* End XCConfigurationList section */
	};
	rootObject = 6003F582195388D10070C39A /* Project object */;
}
